
Microsoft Visual Studio Solution File, Format Version 12.00
# Visual Studio Version 16
VisualStudioVersion = 16.0.30517.126
MinimumVisualStudioVersion = 10.0.40219.1
Project("{FAE04EC0-301F-11D3-BF4B-00C04F79EFBC}") = "SM-Developer-Test", "SM-Developer-Test.csproj", "{5964C52B-C856-43C3-87CA-E7106146692D}"
EndProject
Global
	GlobalSection(SolutionConfigurationPlatforms) = preSolution
		Debug|Any CPU = Debug|Any CPU
		Release|Any CPU = Release|Any CPU
	EndGlobalSection
	GlobalSection(ProjectConfigurationPlatforms) = postSolution
		{5964C52B-C856-43C3-87CA-E7106146692D}.Debug|Any CPU.ActiveCfg = Debug|Any CPU
		{5964C52B-C856-43C3-87CA-E7106146692D}.Debug|Any CPU.Build.0 = Debug|Any CPU
		{5964C52B-C856-43C3-87CA-E7106146692D}.Release|Any CPU.ActiveCfg = Release|Any CPU
		{5964C52B-C856-43C3-87CA-E7106146692D}.Release|Any CPU.Build.0 = Release|Any CPU
	EndGlobalSection
	GlobalSection(SolutionProperties) = preSolution
		HideSolutionNode = FALSE
	EndGlobalSection
	GlobalSection(ExtensibilityGlobals) = postSolution
		SolutionGuid = {65E759EB-2479-4303-8B4D-7D5E2E773C5D}
	EndGlobalSection
EndGlobal
